
Microsoft Visual Studio Solution File, Format Version 12.00
# Visual Studio Version 17
VisualStudioVersion = 17.0.32112.339
MinimumVisualStudioVersion = 10.0.40219.1
Project("{FAE04EC0-301F-11D3-BF4B-00C04F79EFBC}") = "WindowsFormsApp1", "WindowsFormsApp1\WindowsFormsApp1.csproj", "{8D943C9A-97A5-4477-875A-659EDC5B286E}"
EndProject
Global
	GlobalSection(SolutionConfigurationPlatforms) = preSolution
		Debug|Any CPU = Debug|Any CPU
		Release|Any CPU = Release|Any CPU
	EndGlobalSection
	GlobalSection(ProjectConfigurationPlatforms) = postSolution
		{8D943C9A-97A5-4477-875A-659EDC5B286E}.Debug|Any CPU.ActiveCfg = Debug|Any CPU
		{8D943C9A-97A5-4477-875A-659EDC5B286E}.Debug|Any CPU.Build.0 = Debug|Any CPU
		{8D943C9A-97A5-4477-875A-659EDC5B286E}.Release|Any CPU.ActiveCfg = Release|Any CPU
		{8D943C9A-97A5-4477-875A-659EDC5B286E}.Release|Any CPU.Build.0 = Release|Any CPU
	EndGlobalSection
	GlobalSection(SolutionProperties) = preSolution
		HideSolutionNode = FALSE
	EndGlobalSection
	GlobalSection(ExtensibilityGlobals) = postSolution
		SolutionGuid = {786B2CCA-DB40-4509-8B30-95E7EB996C13}
	EndGlobalSection
EndGlobal
